
Microsoft Visual Studio Solution File, Format Version 12.00
# Visual Studio Version 17
VisualStudioVersion = 17.5.002.0
MinimumVisualStudioVersion = 10.0.40219.1
Project("{2150E333-8FDC-42A3-9474-1A3956D46DE8}") = "C#_Homework2", "C#_Homework2", "{50F81978-6884-4CA9-9C3B-F53E3152A265}"
EndProject
Project("{9A19103F-16F7-4668-BE54-9A1E7A4F7556}") = "Task1", "C#_Homework2\Task1\Task1.csproj", "{5A57FC6D-53DB-4F8E-AA58-3D9ABFF4EAF7}"
EndProject
Project("{9A19103F-16F7-4668-BE54-9A1E7A4F7556}") = "Task1_Example", "C#_Homework2\Task1_Example\Task1_Example.csproj", "{F742E45F-6FB7-4D06-9F14-56B4B7E6871D}"
EndProject
Project("{9A19103F-16F7-4668-BE54-9A1E7A4F7556}") = "Task2", "C#_Homework2\Task2\Task2.csproj", "{EF699C65-7EB3-41C8-ABCB-17374E07CBB2}"
EndProject
Project("{9A19103F-16F7-4668-BE54-9A1E7A4F7556}") = "Task2_Example", "C#_Homework2\Task2_Example\Task2_Example.csproj", "{4573558D-F78B-45D9-BF42-84EFF5B2A7CF}"
EndProject
Project("{9A19103F-16F7-4668-BE54-9A1E7A4F7556}") = "Task3", "C#_Homework2\Task3\Task3.csproj", "{552B9506-BEB9-43E8-92FF-B899AE252300}"
EndProject
Project("{9A19103F-16F7-4668-BE54-9A1E7A4F7556}") = "Task3_Example", "C#_Homework2\Task3_Example\Task3_Example.csproj", "{FC9FF671-9F4E-4708-A442-B4406EBB5016}"
EndProject
Project("{9A19103F-16F7-4668-BE54-9A1E7A4F7556}") = "Task4", "C#_Homework2\Task4\Task4.csproj", "{BF0B0C32-92DB-400D-826B-4827393E825B}"
EndProject
Project("{9A19103F-16F7-4668-BE54-9A1E7A4F7556}") = "Task4_Example", "C#_Homework2\Task4_Example\Task4_Example.csproj", "{856801B4-C89E-4FA3-BEEB-5A7B9BACA63C}"
EndProject
Global
	GlobalSection(SolutionConfigurationPlatforms) = preSolution
		Debug|Any CPU = Debug|Any CPU
		Release|Any CPU = Release|Any CPU
	EndGlobalSection
	GlobalSection(ProjectConfigurationPlatforms) = postSolution
		{5A57FC6D-53DB-4F8E-AA58-3D9ABFF4EAF7}.Debug|Any CPU.ActiveCfg = Debug|Any CPU
		{5A57FC6D-53DB-4F8E-AA58-3D9ABFF4EAF7}.Debug|Any CPU.Build.0 = Debug|Any CPU
		{5A57FC6D-53DB-4F8E-AA58-3D9ABFF4EAF7}.Release|Any CPU.ActiveCfg = Release|Any CPU
		{5A57FC6D-53DB-4F8E-AA58-3D9ABFF4EAF7}.Release|Any CPU.Build.0 = Release|Any CPU
		{F742E45F-6FB7-4D06-9F14-56B4B7E6871D}.Debug|Any CPU.ActiveCfg = Debug|Any CPU
		{F742E45F-6FB7-4D06-9F14-56B4B7E6871D}.Debug|Any CPU.Build.0 = Debug|Any CPU
		{F742E45F-6FB7-4D06-9F14-56B4B7E6871D}.Release|Any CPU.ActiveCfg = Release|Any CPU
		{F742E45F-6FB7-4D06-9F14-56B4B7E6871D}.Release|Any CPU.Build.0 = Release|Any CPU
		{EF699C65-7EB3-41C8-ABCB-17374E07CBB2}.Debug|Any CPU.ActiveCfg = Debug|Any CPU
		{EF699C65-7EB3-41C8-ABCB-17374E07CBB2}.Debug|Any CPU.Build.0 = Debug|Any CPU
		{EF699C65-7EB3-41C8-ABCB-17374E07CBB2}.Release|Any CPU.ActiveCfg = Release|Any CPU
		{EF699C65-7EB3-41C8-ABCB-17374E07CBB2}.Release|Any CPU.Build.0 = Release|Any CPU
		{4573558D-F78B-45D9-BF42-84EFF5B2A7CF}.Debug|Any CPU.ActiveCfg = Debug|Any CPU
		{4573558D-F78B-45D9-BF42-84EFF5B2A7CF}.Debug|Any CPU.Build.0 = Debug|Any CPU
		{4573558D-F78B-45D9-BF42-84EFF5B2A7CF}.Release|Any CPU.ActiveCfg = Release|Any CPU
		{4573558D-F78B-45D9-BF42-84EFF5B2A7CF}.Release|Any CPU.Build.0 = Release|Any CPU
		{552B9506-BEB9-43E8-92FF-B899AE252300}.Debug|Any CPU.ActiveCfg = Debug|Any CPU
		{552B9506-BEB9-43E8-92FF-B899AE252300}.Debug|Any CPU.Build.0 = Debug|Any CPU
		{552B9506-BEB9-43E8-92FF-B899AE252300}.Release|Any CPU.ActiveCfg = Release|Any CPU
		{552B9506-BEB9-43E8-92FF-B899AE252300}.Release|Any CPU.Build.0 = Release|Any CPU
		{FC9FF671-9F4E-4708-A442-B4406EBB5016}.Debug|Any CPU.ActiveCfg = Debug|Any CPU
		{FC9FF671-9F4E-4708-A442-B4406EBB5016}.Debug|Any CPU.Build.0 = Debug|Any CPU
		{FC9FF671-9F4E-4708-A442-B4406EBB5016}.Release|Any CPU.ActiveCfg = Release|Any CPU
		{FC9FF671-9F4E-4708-A442-B4406EBB5016}.Release|Any CPU.Build.0 = Release|Any CPU
		{BF0B0C32-92DB-400D-826B-4827393E825B}.Debug|Any CPU.ActiveCfg = Debug|Any CPU
		{BF0B0C32-92DB-400D-826B-4827393E825B}.Debug|Any CPU.Build.0 = Debug|Any CPU
		{BF0B0C32-92DB-400D-826B-4827393E825B}.Release|Any CPU.ActiveCfg = Release|Any CPU
		{BF0B0C32-92DB-400D-826B-4827393E825B}.Release|Any CPU.Build.0 = Release|Any CPU
		{856801B4-C89E-4FA3-BEEB-5A7B9BACA63C}.Debug|Any CPU.ActiveCfg = Debug|Any CPU
		{856801B4-C89E-4FA3-BEEB-5A7B9BACA63C}.Debug|Any CPU.Build.0 = Debug|Any CPU
		{856801B4-C89E-4FA3-BEEB-5A7B9BACA63C}.Release|Any CPU.ActiveCfg = Release|Any CPU
		{856801B4-C89E-4FA3-BEEB-5A7B9BACA63C}.Release|Any CPU.Build.0 = Release|Any CPU
	EndGlobalSection
	GlobalSection(SolutionProperties) = preSolution
		HideSolutionNode = FALSE
	EndGlobalSection
	GlobalSection(NestedProjects) = preSolution
		{5A57FC6D-53DB-4F8E-AA58-3D9ABFF4EAF7} = {50F81978-6884-4CA9-9C3B-F53E3152A265}
		{F742E45F-6FB7-4D06-9F14-56B4B7E6871D} = {50F81978-6884-4CA9-9C3B-F53E3152A265}
		{EF699C65-7EB3-41C8-ABCB-17374E07CBB2} = {50F81978-6884-4CA9-9C3B-F53E3152A265}
		{4573558D-F78B-45D9-BF42-84EFF5B2A7CF} = {50F81978-6884-4CA9-9C3B-F53E3152A265}
		{552B9506-BEB9-43E8-92FF-B899AE252300} = {50F81978-6884-4CA9-9C3B-F53E3152A265}
		{FC9FF671-9F4E-4708-A442-B4406EBB5016} = {50F81978-6884-4CA9-9C3B-F53E3152A265}
		{BF0B0C32-92DB-400D-826B-4827393E825B} = {50F81978-6884-4CA9-9C3B-F53E3152A265}
		{856801B4-C89E-4FA3-BEEB-5A7B9BACA63C} = {50F81978-6884-4CA9-9C3B-F53E3152A265}
	EndGlobalSection
	GlobalSection(ExtensibilityGlobals) = postSolution
		SolutionGuid = {562CA3C0-67A9-473E-9869-5A6CE3DE298A}
	EndGlobalSection
EndGlobal
