
Microsoft Visual Studio Solution File, Format Version 12.00
# Visual Studio Version 17
VisualStudioVersion = 17.5.002.0
MinimumVisualStudioVersion = 10.0.40219.1
Project("{2150E333-8FDC-42A3-9474-1A3956D46DE8}") = "C#_GeekBrains", "C#_GeekBrains", "{96DD0656-E71F-4E4F-B671-CBF79602ADDD}"
EndProject
Project("{2150E333-8FDC-42A3-9474-1A3956D46DE8}") = "C#_Seminars", "C#_Seminars", "{C913CBC2-5F63-4F87-9DEE-241871B0A7F7}"
EndProject
Project("{2150E333-8FDC-42A3-9474-1A3956D46DE8}") = "Seminar1", "Seminar1", "{F08BDD26-04DB-46B6-A0ED-CB78FF6565B6}"
EndProject
Project("{9A19103F-16F7-4668-BE54-9A1E7A4F7556}") = "Task1", "C#_GeekBrains\C#_Seminars\Seminar1\Task1\Task1.csproj", "{6B8476CA-B839-4E88-B163-31C897152E41}"
EndProject
Project("{9A19103F-16F7-4668-BE54-9A1E7A4F7556}") = "Task2", "C#_GeekBrains\C#_Seminars\Seminar1\Task2\Task2.csproj", "{88A82BED-33D4-4DA6-9EB2-C8DE58CAD3F9}"
EndProject
Project("{9A19103F-16F7-4668-BE54-9A1E7A4F7556}") = "Task3", "C#_GeekBrains\C#_Seminars\Seminar1\Task3\Task3.csproj", "{C24670F4-3B76-4420-B513-A9E03E026658}"
EndProject
Project("{2150E333-8FDC-42A3-9474-1A3956D46DE8}") = "Seminar2", "Seminar2", "{5E539D9C-DEA1-446B-A206-99722DF82639}"
EndProject
Project("{9A19103F-16F7-4668-BE54-9A1E7A4F7556}") = "Task1", "C#_GeekBrains\C#_Seminars\Seminar2\Task1\Task1.csproj", "{603ADF63-83FF-4DE8-A491-580D22D38F1A}"
EndProject
Project("{9A19103F-16F7-4668-BE54-9A1E7A4F7556}") = "Task2", "C#_GeekBrains\C#_Seminars\Seminar2\Task2\Task2.csproj", "{D571BEDE-6B4E-4162-A9D0-1F59B7E3DEB5}"
EndProject
Project("{9A19103F-16F7-4668-BE54-9A1E7A4F7556}") = "Task3", "C#_GeekBrains\C#_Seminars\Seminar2\Task3\Task3.csproj", "{E9601983-EF37-4749-BB51-A9E702FE05A9}"
EndProject
Project("{9A19103F-16F7-4668-BE54-9A1E7A4F7556}") = "Task4", "C#_GeekBrains\C#_Seminars\Seminar2\Task4\Task4.csproj", "{8AD28DCC-E240-46AA-8B31-9C93EDF41936}"
EndProject
Project("{2150E333-8FDC-42A3-9474-1A3956D46DE8}") = "Seminar3", "Seminar3", "{D7DA8306-4AC8-4063-848E-A27A5D73FEFA}"
EndProject
Project("{9A19103F-16F7-4668-BE54-9A1E7A4F7556}") = "Task1", "C#_GeekBrains\C#_Seminars\Seminar3\Task1\Task1.csproj", "{39D85795-8CF0-4FC5-B9F7-DA8344B2A20D}"
EndProject
Project("{9A19103F-16F7-4668-BE54-9A1E7A4F7556}") = "Task2", "C#_GeekBrains\C#_Seminars\Seminar3\Task2\Task2.csproj", "{AD9FBDF7-8230-4891-BBDB-108262B8E338}"
EndProject
Project("{9A19103F-16F7-4668-BE54-9A1E7A4F7556}") = "Task3", "C#_GeekBrains\C#_Seminars\Seminar3\Task3\Task3.csproj", "{BC848112-F37A-4A3B-B9FC-A673AD8577EA}"
EndProject
Project("{9A19103F-16F7-4668-BE54-9A1E7A4F7556}") = "Task4", "C#_GeekBrains\C#_Seminars\Seminar3\Task4\Task4.csproj", "{E6CB4AE1-FF21-4718-9FD3-CD2D7D81BD87}"
EndProject
Project("{2150E333-8FDC-42A3-9474-1A3956D46DE8}") = "Seminar4", "Seminar4", "{B8F516C7-3F56-45FC-BED9-A0004E66D771}"
EndProject
Project("{9A19103F-16F7-4668-BE54-9A1E7A4F7556}") = "Task1", "C#_GeekBrains\C#_Seminars\Seminar4\Task1\Task1.csproj", "{D70A5FF4-830F-4D79-BB0B-0C1C3C9CB94C}"
EndProject
Project("{9A19103F-16F7-4668-BE54-9A1E7A4F7556}") = "Task2", "C#_GeekBrains\C#_Seminars\Seminar4\Task2\Task2.csproj", "{A5CE9DAE-8A68-4511-B5FA-DA8C9B5529CC}"
EndProject
Project("{9A19103F-16F7-4668-BE54-9A1E7A4F7556}") = "Task3", "C#_GeekBrains\C#_Seminars\Seminar4\Task3\Task3.csproj", "{A146CE14-613B-4FA1-9C2C-37B98C0C0F11}"
EndProject
Project("{2150E333-8FDC-42A3-9474-1A3956D46DE8}") = "Seminar5", "Seminar5", "{69C61AFC-66EE-4CEC-9F46-5ABFACEC1450}"
EndProject
Project("{9A19103F-16F7-4668-BE54-9A1E7A4F7556}") = "Task1", "C#_GeekBrains\C#_Seminars\Seminar5\Task1\Task1.csproj", "{49A6D0DA-ABE6-40C5-A733-FA536BE7667C}"
EndProject
Project("{9A19103F-16F7-4668-BE54-9A1E7A4F7556}") = "Task2", "C#_GeekBrains\C#_Seminars\Seminar5\Task2\Task2.csproj", "{3665DCB9-EE21-449B-B0A6-5D33984C5495}"
EndProject
Project("{9A19103F-16F7-4668-BE54-9A1E7A4F7556}") = "Task3", "C#_GeekBrains\C#_Seminars\Seminar5\Task3\Task3.csproj", "{D376EF0D-A2B2-4DC9-B4D7-EDB974B5DB18}"
EndProject
Global
	GlobalSection(SolutionConfigurationPlatforms) = preSolution
		Debug|Any CPU = Debug|Any CPU
		Release|Any CPU = Release|Any CPU
	EndGlobalSection
	GlobalSection(ProjectConfigurationPlatforms) = postSolution
		{6B8476CA-B839-4E88-B163-31C897152E41}.Debug|Any CPU.ActiveCfg = Debug|Any CPU
		{6B8476CA-B839-4E88-B163-31C897152E41}.Debug|Any CPU.Build.0 = Debug|Any CPU
		{6B8476CA-B839-4E88-B163-31C897152E41}.Release|Any CPU.ActiveCfg = Release|Any CPU
		{6B8476CA-B839-4E88-B163-31C897152E41}.Release|Any CPU.Build.0 = Release|Any CPU
		{88A82BED-33D4-4DA6-9EB2-C8DE58CAD3F9}.Debug|Any CPU.ActiveCfg = Debug|Any CPU
		{88A82BED-33D4-4DA6-9EB2-C8DE58CAD3F9}.Debug|Any CPU.Build.0 = Debug|Any CPU
		{88A82BED-33D4-4DA6-9EB2-C8DE58CAD3F9}.Release|Any CPU.ActiveCfg = Release|Any CPU
		{88A82BED-33D4-4DA6-9EB2-C8DE58CAD3F9}.Release|Any CPU.Build.0 = Release|Any CPU
		{C24670F4-3B76-4420-B513-A9E03E026658}.Debug|Any CPU.ActiveCfg = Debug|Any CPU
		{C24670F4-3B76-4420-B513-A9E03E026658}.Debug|Any CPU.Build.0 = Debug|Any CPU
		{C24670F4-3B76-4420-B513-A9E03E026658}.Release|Any CPU.ActiveCfg = Release|Any CPU
		{C24670F4-3B76-4420-B513-A9E03E026658}.Release|Any CPU.Build.0 = Release|Any CPU
		{603ADF63-83FF-4DE8-A491-580D22D38F1A}.Debug|Any CPU.ActiveCfg = Debug|Any CPU
		{603ADF63-83FF-4DE8-A491-580D22D38F1A}.Debug|Any CPU.Build.0 = Debug|Any CPU
		{603ADF63-83FF-4DE8-A491-580D22D38F1A}.Release|Any CPU.ActiveCfg = Release|Any CPU
		{603ADF63-83FF-4DE8-A491-580D22D38F1A}.Release|Any CPU.Build.0 = Release|Any CPU
		{D571BEDE-6B4E-4162-A9D0-1F59B7E3DEB5}.Debug|Any CPU.ActiveCfg = Debug|Any CPU
		{D571BEDE-6B4E-4162-A9D0-1F59B7E3DEB5}.Debug|Any CPU.Build.0 = Debug|Any CPU
		{D571BEDE-6B4E-4162-A9D0-1F59B7E3DEB5}.Release|Any CPU.ActiveCfg = Release|Any CPU
		{D571BEDE-6B4E-4162-A9D0-1F59B7E3DEB5}.Release|Any CPU.Build.0 = Release|Any CPU
		{E9601983-EF37-4749-BB51-A9E702FE05A9}.Debug|Any CPU.ActiveCfg = Debug|Any CPU
		{E9601983-EF37-4749-BB51-A9E702FE05A9}.Debug|Any CPU.Build.0 = Debug|Any CPU
		{E9601983-EF37-4749-BB51-A9E702FE05A9}.Release|Any CPU.ActiveCfg = Release|Any CPU
		{E9601983-EF37-4749-BB51-A9E702FE05A9}.Release|Any CPU.Build.0 = Release|Any CPU
		{8AD28DCC-E240-46AA-8B31-9C93EDF41936}.Debug|Any CPU.ActiveCfg = Debug|Any CPU
		{8AD28DCC-E240-46AA-8B31-9C93EDF41936}.Debug|Any CPU.Build.0 = Debug|Any CPU
		{8AD28DCC-E240-46AA-8B31-9C93EDF41936}.Release|Any CPU.ActiveCfg = Release|Any CPU
		{8AD28DCC-E240-46AA-8B31-9C93EDF41936}.Release|Any CPU.Build.0 = Release|Any CPU
		{39D85795-8CF0-4FC5-B9F7-DA8344B2A20D}.Debug|Any CPU.ActiveCfg = Debug|Any CPU
		{39D85795-8CF0-4FC5-B9F7-DA8344B2A20D}.Debug|Any CPU.Build.0 = Debug|Any CPU
		{39D85795-8CF0-4FC5-B9F7-DA8344B2A20D}.Release|Any CPU.ActiveCfg = Release|Any CPU
		{39D85795-8CF0-4FC5-B9F7-DA8344B2A20D}.Release|Any CPU.Build.0 = Release|Any CPU
		{AD9FBDF7-8230-4891-BBDB-108262B8E338}.Debug|Any CPU.ActiveCfg = Debug|Any CPU
		{AD9FBDF7-8230-4891-BBDB-108262B8E338}.Debug|Any CPU.Build.0 = Debug|Any CPU
		{AD9FBDF7-8230-4891-BBDB-108262B8E338}.Release|Any CPU.ActiveCfg = Release|Any CPU
		{AD9FBDF7-8230-4891-BBDB-108262B8E338}.Release|Any CPU.Build.0 = Release|Any CPU
		{BC848112-F37A-4A3B-B9FC-A673AD8577EA}.Debug|Any CPU.ActiveCfg = Debug|Any CPU
		{BC848112-F37A-4A3B-B9FC-A673AD8577EA}.Debug|Any CPU.Build.0 = Debug|Any CPU
		{BC848112-F37A-4A3B-B9FC-A673AD8577EA}.Release|Any CPU.ActiveCfg = Release|Any CPU
		{BC848112-F37A-4A3B-B9FC-A673AD8577EA}.Release|Any CPU.Build.0 = Release|Any CPU
		{E6CB4AE1-FF21-4718-9FD3-CD2D7D81BD87}.Debug|Any CPU.ActiveCfg = Debug|Any CPU
		{E6CB4AE1-FF21-4718-9FD3-CD2D7D81BD87}.Debug|Any CPU.Build.0 = Debug|Any CPU
		{E6CB4AE1-FF21-4718-9FD3-CD2D7D81BD87}.Release|Any CPU.ActiveCfg = Release|Any CPU
		{E6CB4AE1-FF21-4718-9FD3-CD2D7D81BD87}.Release|Any CPU.Build.0 = Release|Any CPU
		{D70A5FF4-830F-4D79-BB0B-0C1C3C9CB94C}.Debug|Any CPU.ActiveCfg = Debug|Any CPU
		{D70A5FF4-830F-4D79-BB0B-0C1C3C9CB94C}.Debug|Any CPU.Build.0 = Debug|Any CPU
		{D70A5FF4-830F-4D79-BB0B-0C1C3C9CB94C}.Release|Any CPU.ActiveCfg = Release|Any CPU
		{D70A5FF4-830F-4D79-BB0B-0C1C3C9CB94C}.Release|Any CPU.Build.0 = Release|Any CPU
		{A5CE9DAE-8A68-4511-B5FA-DA8C9B5529CC}.Debug|Any CPU.ActiveCfg = Debug|Any CPU
		{A5CE9DAE-8A68-4511-B5FA-DA8C9B5529CC}.Debug|Any CPU.Build.0 = Debug|Any CPU
		{A5CE9DAE-8A68-4511-B5FA-DA8C9B5529CC}.Release|Any CPU.ActiveCfg = Release|Any CPU
		{A5CE9DAE-8A68-4511-B5FA-DA8C9B5529CC}.Release|Any CPU.Build.0 = Release|Any CPU
		{A146CE14-613B-4FA1-9C2C-37B98C0C0F11}.Debug|Any CPU.ActiveCfg = Debug|Any CPU
		{A146CE14-613B-4FA1-9C2C-37B98C0C0F11}.Debug|Any CPU.Build.0 = Debug|Any CPU
		{A146CE14-613B-4FA1-9C2C-37B98C0C0F11}.Release|Any CPU.ActiveCfg = Release|Any CPU
		{A146CE14-613B-4FA1-9C2C-37B98C0C0F11}.Release|Any CPU.Build.0 = Release|Any CPU
		{49A6D0DA-ABE6-40C5-A733-FA536BE7667C}.Debug|Any CPU.ActiveCfg = Debug|Any CPU
		{49A6D0DA-ABE6-40C5-A733-FA536BE7667C}.Debug|Any CPU.Build.0 = Debug|Any CPU
		{49A6D0DA-ABE6-40C5-A733-FA536BE7667C}.Release|Any CPU.ActiveCfg = Release|Any CPU
		{49A6D0DA-ABE6-40C5-A733-FA536BE7667C}.Release|Any CPU.Build.0 = Release|Any CPU
		{3665DCB9-EE21-449B-B0A6-5D33984C5495}.Debug|Any CPU.ActiveCfg = Debug|Any CPU
		{3665DCB9-EE21-449B-B0A6-5D33984C5495}.Debug|Any CPU.Build.0 = Debug|Any CPU
		{3665DCB9-EE21-449B-B0A6-5D33984C5495}.Release|Any CPU.ActiveCfg = Release|Any CPU
		{3665DCB9-EE21-449B-B0A6-5D33984C5495}.Release|Any CPU.Build.0 = Release|Any CPU
		{D376EF0D-A2B2-4DC9-B4D7-EDB974B5DB18}.Debug|Any CPU.ActiveCfg = Debug|Any CPU
		{D376EF0D-A2B2-4DC9-B4D7-EDB974B5DB18}.Debug|Any CPU.Build.0 = Debug|Any CPU
		{D376EF0D-A2B2-4DC9-B4D7-EDB974B5DB18}.Release|Any CPU.ActiveCfg = Release|Any CPU
		{D376EF0D-A2B2-4DC9-B4D7-EDB974B5DB18}.Release|Any CPU.Build.0 = Release|Any CPU
	EndGlobalSection
	GlobalSection(SolutionProperties) = preSolution
		HideSolutionNode = FALSE
	EndGlobalSection
	GlobalSection(NestedProjects) = preSolution
		{C913CBC2-5F63-4F87-9DEE-241871B0A7F7} = {96DD0656-E71F-4E4F-B671-CBF79602ADDD}
		{F08BDD26-04DB-46B6-A0ED-CB78FF6565B6} = {C913CBC2-5F63-4F87-9DEE-241871B0A7F7}
		{6B8476CA-B839-4E88-B163-31C897152E41} = {F08BDD26-04DB-46B6-A0ED-CB78FF6565B6}
		{88A82BED-33D4-4DA6-9EB2-C8DE58CAD3F9} = {F08BDD26-04DB-46B6-A0ED-CB78FF6565B6}
		{C24670F4-3B76-4420-B513-A9E03E026658} = {F08BDD26-04DB-46B6-A0ED-CB78FF6565B6}
		{5E539D9C-DEA1-446B-A206-99722DF82639} = {C913CBC2-5F63-4F87-9DEE-241871B0A7F7}
		{603ADF63-83FF-4DE8-A491-580D22D38F1A} = {5E539D9C-DEA1-446B-A206-99722DF82639}
		{D571BEDE-6B4E-4162-A9D0-1F59B7E3DEB5} = {5E539D9C-DEA1-446B-A206-99722DF82639}
		{E9601983-EF37-4749-BB51-A9E702FE05A9} = {5E539D9C-DEA1-446B-A206-99722DF82639}
		{8AD28DCC-E240-46AA-8B31-9C93EDF41936} = {5E539D9C-DEA1-446B-A206-99722DF82639}
		{D7DA8306-4AC8-4063-848E-A27A5D73FEFA} = {C913CBC2-5F63-4F87-9DEE-241871B0A7F7}
		{39D85795-8CF0-4FC5-B9F7-DA8344B2A20D} = {D7DA8306-4AC8-4063-848E-A27A5D73FEFA}
		{AD9FBDF7-8230-4891-BBDB-108262B8E338} = {D7DA8306-4AC8-4063-848E-A27A5D73FEFA}
		{BC848112-F37A-4A3B-B9FC-A673AD8577EA} = {D7DA8306-4AC8-4063-848E-A27A5D73FEFA}
		{E6CB4AE1-FF21-4718-9FD3-CD2D7D81BD87} = {D7DA8306-4AC8-4063-848E-A27A5D73FEFA}
		{B8F516C7-3F56-45FC-BED9-A0004E66D771} = {C913CBC2-5F63-4F87-9DEE-241871B0A7F7}
		{D70A5FF4-830F-4D79-BB0B-0C1C3C9CB94C} = {B8F516C7-3F56-45FC-BED9-A0004E66D771}
		{A5CE9DAE-8A68-4511-B5FA-DA8C9B5529CC} = {B8F516C7-3F56-45FC-BED9-A0004E66D771}
		{A146CE14-613B-4FA1-9C2C-37B98C0C0F11} = {B8F516C7-3F56-45FC-BED9-A0004E66D771}
		{69C61AFC-66EE-4CEC-9F46-5ABFACEC1450} = {C913CBC2-5F63-4F87-9DEE-241871B0A7F7}
		{49A6D0DA-ABE6-40C5-A733-FA536BE7667C} = {69C61AFC-66EE-4CEC-9F46-5ABFACEC1450}
		{3665DCB9-EE21-449B-B0A6-5D33984C5495} = {69C61AFC-66EE-4CEC-9F46-5ABFACEC1450}
		{D376EF0D-A2B2-4DC9-B4D7-EDB974B5DB18} = {69C61AFC-66EE-4CEC-9F46-5ABFACEC1450}
	EndGlobalSection
	GlobalSection(ExtensibilityGlobals) = postSolution
		SolutionGuid = {46457C56-07F7-4813-A4AA-110F5147DF3E}
	EndGlobalSection
EndGlobal
